# This file is automatically @generated by Poetry 2.1.3 and should not be changed by hand.

[[package]]
name = "ansicon"
version = "1.89.0"
description = "Python wrapper for loading Jason Hood's ANSICON"
optional = false
python-versions = "*"
groups = ["main", "dev"]
markers = "platform_system == \"Windows\""
files = [
    {file = "ansicon-1.89.0-py2.py3-none-any.whl", hash = "sha256:f1def52d17f65c2c9682cf8370c03f541f410c1752d6a14029f97318e4b9dfec"},
    {file = "ansicon-1.89.0.tar.gz", hash = "sha256:e4d039def5768a47e4afec8e89e83ec3ae5a26bf00ad851f914d1240b444d2b1"},
]

[[package]]
name = "blessed"
version = "1.21.0"
description = "Easy, practical library for making terminal apps, by providing an elegant, well-documented interface to Colors, Keyboard input, and screen Positioning capabilities."
optional = false
python-versions = ">=2.7"
groups = ["main", "dev"]
files = [
    {file = "blessed-1.21.0-py2.py3-none-any.whl", hash = "sha256:f831e847396f5a2eac6c106f4dfadedf46c4f804733574b15fe86d2ed45a9588"},
    {file = "blessed-1.21.0.tar.gz", hash = "sha256:ece8bbc4758ab9176452f4e3a719d70088eb5739798cd5582c9e05f2a28337ec"},
]

[package.dependencies]
jinxed = {version = ">=1.1.0", markers = "platform_system == \"Windows\""}
wcwidth = ">=0.1.4"

[[package]]
name = "cffi"
version = "1.17.1"
description = "Foreign Function Interface for Python calling C code."
optional = false
python-versions = ">=3.8"
groups = ["main"]
files = [
    {file = "cffi-1.17.1-cp310-cp310-macosx_10_9_x86_64.whl", hash = "sha256:df8b1c11f177bc2313ec4b2d46baec87a5f3e71fc8b45dab2ee7cae86d9aba14"},
    {file = "cffi-1.17.1-cp310-cp310-macosx_11_0_arm64.whl", hash = "sha256:8f2cdc858323644ab277e9bb925ad72ae0e67f69e804f4898c070998d50b1a67"},
    {file = "cffi-1.17.1-cp310-cp310-manylinux_2_12_i686.manylinux2010_i686.manylinux_2_17_i686.manylinux2014_i686.whl", hash = "sha256:edae79245293e15384b51f88b00613ba9f7198016a5948b5dddf4917d4d26382"},
    {file = "cffi-1.17.1-cp310-cp310-manylinux_2_17_aarch64.manylinux2014_aarch64.whl", hash = "sha256:45398b671ac6d70e67da8e4224a065cec6a93541bb7aebe1b198a61b58c7b702"},
    {file = "cffi-1.17.1-cp310-cp310-manylinux_2_17_ppc64le.manylinux2014_ppc64le.whl", hash = "sha256:ad9413ccdeda48c5afdae7e4fa2192157e991ff761e7ab8fdd8926f40b160cc3"},
    {file = "cffi-1.17.1-cp310-cp310-manylinux_2_17_s390x.manylinux2014_s390x.whl", hash = "sha256:5da5719280082ac6bd9aa7becb3938dc9f9cbd57fac7d2871717b1feb0902ab6"},
    {file = "cffi-1.17.1-cp310-cp310-manylinux_2_17_x86_64.manylinux2014_x86_64.whl", hash = "sha256:2bb1a08b8008b281856e5971307cc386a8e9c5b625ac297e853d36da6efe9c17"},
    {file = "cffi-1.17.1-cp310-cp310-musllinux_1_1_aarch64.whl", hash = "sha256:045d61c734659cc045141be4bae381a41d89b741f795af1dd018bfb532fd0df8"},
    {file = "cffi-1.17.1-cp310-cp310-musllinux_1_1_i686.whl", hash = "sha256:6883e737d7d9e4899a8a695e00ec36bd4e5e4f18fabe0aca0efe0a4b44cdb13e"},
    {file = "cffi-1.17.1-cp310-cp310-musllinux_1_1_x86_64.whl", hash = "sha256:6b8b4a92e1c65048ff98cfe1f735ef8f1ceb72e3d5f0c25fdb12087a23da22be"},
    {file = "cffi-1.17.1-cp310-cp310-win32.whl", hash = "sha256:c9c3d058ebabb74db66e431095118094d06abf53284d9c81f27300d0e0d8bc7c"},
    {file = "cffi-1.17.1-cp310-cp310-win_amd64.whl", hash = "sha256:0f048dcf80db46f0098ccac01132761580d28e28bc0f78ae0d58048063317e15"},
    {file = "cffi-1.17.1-cp311-cp311-macosx_10_9_x86_64.whl", hash = "sha256:a45e3c6913c5b87b3ff120dcdc03f6131fa0065027d0ed7ee6190736a74cd401"},
    {file = "cffi-1.17.1-cp311-cp311-macosx_11_0_arm64.whl", hash = "sha256:30c5e0cb5ae493c04c8b42916e52ca38079f1b235c2f8ae5f4527b963c401caf"},
    {file = "cffi-1.17.1-cp311-cp311-manylinux_2_12_i686.manylinux2010_i686.manylinux_2_17_i686.manylinux2014_i686.whl", hash = "sha256:f75c7ab1f9e4aca5414ed4d8e5c0e303a34f4421f8a0d47a4d019ceff0ab6af4"},
    {file = "cffi-1.17.1-cp311-cp311-manylinux_2_17_aarch64.manylinux2014_aarch64.whl", hash = "sha256:a1ed2dd2972641495a3ec98445e09766f077aee98a1c896dcb4ad0d303628e41"},
    {file = "cffi-1.17.1-cp311-cp311-manylinux_2_17_ppc64le.manylinux2014_ppc64le.whl", hash = "sha256:46bf43160c1a35f7ec506d254e5c890f3c03648a4dbac12d624e4490a7046cd1"},
    {file = "cffi-1.17.1-cp311-cp311-manylinux_2_17_s390x.manylinux2014_s390x.whl", hash = "sha256:a24ed04c8ffd54b0729c07cee15a81d964e6fee0e3d4d342a27b020d22959dc6"},
    {file = "cffi-1.17.1-cp311-cp311-manylinux_2_17_x86_64.manylinux2014_x86_64.whl", hash = "sha256:610faea79c43e44c71e1ec53a554553fa22321b65fae24889706c0a84d4ad86d"},
    {file = "cffi-1.17.1-cp311-cp311-musllinux_1_1_aarch64.whl", hash = "sha256:a9b15d491f3ad5d692e11f6b71f7857e7835eb677955c00cc0aefcd0669adaf6"},
    {file = "cffi-1.17.1-cp311-cp311-musllinux_1_1_i686.whl", hash = "sha256:de2ea4b5833625383e464549fec1bc395c1bdeeb5f25c4a3a82b5a8c756ec22f"},
    {file = "cffi-1.17.1-cp311-cp311-musllinux_1_1_x86_64.whl", hash = "sha256:fc48c783f9c87e60831201f2cce7f3b2e4846bf4d8728eabe54d60700b318a0b"},
    {file = "cffi-1.17.1-cp311-cp311-win32.whl", hash = "sha256:85a950a4ac9c359340d5963966e3e0a94a676bd6245a4b55bc43949eee26a655"},
    {file = "cffi-1.17.1-cp311-cp311-win_amd64.whl", hash = "sha256:caaf0640ef5f5517f49bc275eca1406b0ffa6aa184892812030f04c2abf589a0"},
    {file = "cffi-1.17.1-cp312-cp312-macosx_10_9_x86_64.whl", hash = "sha256:805b4371bf7197c329fcb3ead37e710d1bca9da5d583f5073b799d5c5bd1eee4"},
    {file = "cffi-1.17.1-cp312-cp312-macosx_11_0_arm64.whl", hash = "sha256:733e99bc2df47476e3848417c5a4540522f234dfd4ef3ab7fafdf555b082ec0c"},
    {file = "cffi-1.17.1-cp312-cp312-manylinux_2_12_i686.manylinux2010_i686.manylinux_2_17_i686.manylinux2014_i686.whl", hash = "sha256:1257bdabf294dceb59f5e70c64a3e2f462c30c7ad68092d01bbbfb1c16b1ba36"},
    {file = "cffi-1.17.1-cp312-cp312-manylinux_2_17_aarch64.manylinux2014_aarch64.whl", hash = "sha256:da95af8214998d77a98cc14e3a3bd00aa191526343078b530ceb0bd710fb48a5"},
    {file = "cffi-1.17.1-cp312-cp312-manylinux_2_17_ppc64le.manylinux2014_ppc64le.whl", hash = "sha256:d63afe322132c194cf832bfec0dc69a99fb9bb6bbd550f161a49e9e855cc78ff"},
    {file = "cffi-1.17.1-cp312-cp312-manylinux_2_17_s390x.manylinux2014_s390x.whl", hash = "sha256:f79fc4fc25f1c8698ff97788206bb3c2598949bfe0fef03d299eb1b5356ada99"},
    {file = "cffi-1.17.1-cp312-cp312-manylinux_2_17_x86_64.manylinux2014_x86_64.whl", hash = "sha256:b62ce867176a75d03a665bad002af8e6d54644fad99a3c70905c543130e39d93"},
    {file = "cffi-1.17.1-cp312-cp312-musllinux_1_1_aarch64.whl", hash = "sha256:386c8bf53c502fff58903061338ce4f4950cbdcb23e2902d86c0f722b786bbe3"},
    {file = "cffi-1.17.1-cp312-cp312-musllinux_1_1_x86_64.whl", hash = "sha256:4ceb10419a9adf4460ea14cfd6bc43d08701f0835e979bf821052f1805850fe8"},
    {file = "cffi-1.17.1-cp312-cp312-win32.whl", hash = "sha256:a08d7e755f8ed21095a310a693525137cfe756ce62d066e53f502a83dc550f65"},
    {file = "cffi-1.17.1-cp312-cp312-win_amd64.whl", hash = "sha256:51392eae71afec0d0c8fb1a53b204dbb3bcabcb3c9b807eedf3e1e6ccf2de903"},
    {file = "cffi-1.17.1-cp313-cp313-macosx_10_13_x86_64.whl", hash = "sha256:f3a2b4222ce6b60e2e8b337bb9596923045681d71e5a082783484d845390938e"},
    {file = "cffi-1.17.1-cp313-cp313-macosx_11_0_arm64.whl", hash = "sha256:0984a4925a435b1da406122d4d7968dd861c1385afe3b45ba82b750f229811e2"},
    {file = "cffi-1.17.1-cp313-cp313-manylinux_2_12_i686.manylinux2010_i686.manylinux_2_17_i686.manylinux2014_i686.whl", hash = "sha256:d01b12eeeb4427d3110de311e1774046ad344f5b1a7403101878976ecd7a10f3"},
    {file = "cffi-1.17.1-cp313-cp313-manylinux_2_17_aarch64.manylinux2014_aarch64.whl", hash = "sha256:706510fe141c86a69c8ddc029c7910003a17353970cff3b904ff0686a5927683"},
    {file = "cffi-1.17.1-cp313-cp313-manylinux_2_17_ppc64le.manylinux2014_ppc64le.whl", hash = "sha256:de55b766c7aa2e2a3092c51e0483d700341182f08e67c63630d5b6f200bb28e5"},
    {file = "cffi-1.17.1-cp313-cp313-manylinux_2_17_s390x.manylinux2014_s390x.whl", hash = "sha256:c59d6e989d07460165cc5ad3c61f9fd8f1b4796eacbd81cee78957842b834af4"},
    {file = "cffi-1.17.1-cp313-cp313-manylinux_2_17_x86_64.manylinux2014_x86_64.whl", hash = "sha256:dd398dbc6773384a17fe0d3e7eeb8d1a21c2200473ee6806bb5e6a8e62bb73dd"},
    {file = "cffi-1.17.1-cp313-cp313-musllinux_1_1_aarch64.whl", hash = "sha256:3edc8d958eb099c634dace3c7e16560ae474aa3803a5df240542b305d14e14ed"},
    {file = "cffi-1.17.1-cp313-cp313-musllinux_1_1_x86_64.whl", hash = "sha256:72e72408cad3d5419375fc87d289076ee319835bdfa2caad331e377589aebba9"},
    {file = "cffi-1.17.1-cp313-cp313-win32.whl", hash = "sha256:e03eab0a8677fa80d646b5ddece1cbeaf556c313dcfac435ba11f107ba117b5d"},
    {file = "cffi-1.17.1-cp313-cp313-win_amd64.whl", hash = "sha256:f6a16c31041f09ead72d69f583767292f750d24913dadacf5756b966aacb3f1a"},
    {file = "cffi-1.17.1-cp38-cp38-macosx_10_9_x86_64.whl", hash = "sha256:636062ea65bd0195bc012fea9321aca499c0504409f413dc88af450b57ffd03b"},
    {file = "cffi-1.17.1-cp38-cp38-manylinux_2_12_i686.manylinux2010_i686.manylinux_2_17_i686.manylinux2014_i686.whl", hash = "sha256:c7eac2ef9b63c79431bc4b25f1cd649d7f061a28808cbc6c47b534bd789ef964"},
    {file = "cffi-1.17.1-cp38-cp38-manylinux_2_17_aarch64.manylinux2014_aarch64.whl", hash = "sha256:e221cf152cff04059d011ee126477f0d9588303eb57e88923578ace7baad17f9"},
    {file = "cffi-1.17.1-cp38-cp38-manylinux_2_17_ppc64le.manylinux2014_ppc64le.whl", hash = "sha256:31000ec67d4221a71bd3f67df918b1f88f676f1c3b535a7eb473255fdc0b83fc"},
    {file = "cffi-1.17.1-cp38-cp38-manylinux_2_17_s390x.manylinux2014_s390x.whl", hash = "sha256:6f17be4345073b0a7b8ea599688f692ac3ef23ce28e5df79c04de519dbc4912c"},
    {file = "cffi-1.17.1-cp38-cp38-manylinux_2_17_x86_64.manylinux2014_x86_64.whl", hash = "sha256:0e2b1fac190ae3ebfe37b979cc1ce69c81f4e4fe5746bb401dca63a9062cdaf1"},
    {file = "cffi-1.17.1-cp38-cp38-win32.whl", hash = "sha256:7596d6620d3fa590f677e9ee430df2958d2d6d6de2feeae5b20e82c00b76fbf8"},
    {file = "cffi-1.17.1-cp38-cp38-win_amd64.whl", hash = "sha256:78122be759c3f8a014ce010908ae03364d00a1f81ab5c7f4a7a5120607ea56e1"},
    {file = "cffi-1.17.1-cp39-cp39-macosx_10_9_x86_64.whl", hash = "sha256:b2ab587605f4ba0bf81dc0cb08a41bd1c0a5906bd59243d56bad7668a6fc6c16"},
    {file = "cffi-1.17.1-cp39-cp39-macosx_11_0_arm64.whl", hash = "sha256:28b16024becceed8c6dfbc75629e27788d8a3f9030691a1dbf9821a128b22c36"},
    {file = "cffi-1.17.1-cp39-cp39-manylinux_2_12_i686.manylinux2010_i686.manylinux_2_17_i686.manylinux2014_i686.whl", hash = "sha256:1d599671f396c4723d016dbddb72fe8e0397082b0a77a4fab8028923bec050e8"},
    {file = "cffi-1.17.1-cp39-cp39-manylinux_2_17_aarch64.manylinux2014_aarch64.whl", hash = "sha256:ca74b8dbe6e8e8263c0ffd60277de77dcee6c837a3d0881d8c1ead7268c9e576"},
    {file = "cffi-1.17.1-cp39-cp39-manylinux_2_17_ppc64le.manylinux2014_ppc64le.whl", hash = "sha256:f7f5baafcc48261359e14bcd6d9bff6d4b28d9103847c9e136694cb0501aef87"},
    {file = "cffi-1.17.1-cp39-cp39-manylinux_2_17_s390x.manylinux2014_s390x.whl", hash = "sha256:98e3969bcff97cae1b2def8ba499ea3d6f31ddfdb7635374834cf89a1a08ecf0"},
    {file = "cffi-1.17.1-cp39-cp39-manylinux_2_17_x86_64.manylinux2014_x86_64.whl", hash = "sha256:cdf5ce3acdfd1661132f2a9c19cac174758dc2352bfe37d98aa7512c6b7178b3"},
    {file = "cffi-1.17.1-cp39-cp39-musllinux_1_1_aarch64.whl", hash = "sha256:9755e4345d1ec879e3849e62222a18c7174d65a6a92d5b346b1863912168b595"},
    {file = "cffi-1.17.1-cp39-cp39-musllinux_1_1_i686.whl", hash = "sha256:f1e22e8c4419538cb197e4dd60acc919d7696e5ef98ee4da4e01d3f8cfa4cc5a"},
    {file = "cffi-1.17.1-cp39-cp39-musllinux_1_1_x86_64.whl", hash = "sha256:c03e868a0b3bc35839ba98e74211ed2b05d2119be4e8a0f224fba9384f1fe02e"},
    {file = "cffi-1.17.1-cp39-cp39-win32.whl", hash = "sha256:e31ae45bc2e29f6b2abd0de1cc3b9d5205aa847cafaecb8af1476a609a2f6eb7"},
    {file = "cffi-1.17.1-cp39-cp39-win_amd64.whl", hash = "sha256:d016c76bdd850f3c626af19b0542c9677ba156e4ee4fccfdd7848803533ef662"},
    {file = "cffi-1.17.1.tar.gz", hash = "sha256:1c39c6016c32bc48dd54561950ebd6836e1670f2ae46128f67cf49e789c52824"},
]

[package.dependencies]
pycparser = "*"

[[package]]
name = "click"
version = "8.2.0"
description = "Composable command line interface toolkit"
optional = false
python-versions = ">=3.10"
groups = ["main"]
files = [
    {file = "click-8.2.0-py3-none-any.whl", hash = "sha256:6b303f0b2aa85f1cb4e5303078fadcbcd4e476f114fab9b5007005711839325c"},
    {file = "click-8.2.0.tar.gz", hash = "sha256:f5452aeddd9988eefa20f90f05ab66f17fce1ee2a36907fd30b05bbb5953814d"},
]

[package.dependencies]
colorama = {version = "*", markers = "platform_system == \"Windows\""}

[[package]]
name = "colorama"
version = "0.4.6"
description = "Cross-platform colored terminal text."
optional = false
python-versions = "!=3.0.*,!=3.1.*,!=3.2.*,!=3.3.*,!=3.4.*,!=3.5.*,!=3.6.*,>=2.7"
groups = ["main"]
markers = "platform_system == \"Windows\""
files = [
    {file = "colorama-0.4.6-py2.py3-none-any.whl", hash = "sha256:4f1d9991f5acc0ca119f9d443620b77f9d6b33703e51011c16baf57afb285fc6"},
    {file = "colorama-0.4.6.tar.gz", hash = "sha256:08695f5cb7ed6e0531a20572697297273c47b8cae5a63ffc6d6ed5c201be6e44"},
]

[[package]]
name = "editor"
version = "1.6.6"
description = "🖋 Open the default text editor 🖋"
optional = false
python-versions = ">=3.8"
groups = ["main", "dev"]
files = [
    {file = "editor-1.6.6-py3-none-any.whl", hash = "sha256:e818e6913f26c2a81eadef503a2741d7cca7f235d20e217274a009ecd5a74abf"},
    {file = "editor-1.6.6.tar.gz", hash = "sha256:bb6989e872638cd119db9a4fce284cd8e13c553886a1c044c6b8d8a160c871f8"},
]

[package.dependencies]
runs = "*"
xmod = "*"

[[package]]
name = "inquirer"
version = "3.4.0"
description = "Collection of common interactive command line user interfaces, based on Inquirer.js"
optional = false
python-versions = ">=3.8.1"
groups = ["main", "dev"]
files = [
    {file = "inquirer-3.4.0-py3-none-any.whl", hash = "sha256:bb0ec93c833e4ce7b51b98b1644b0a4d2bb39755c39787f6a504e4fee7a11b60"},
    {file = "inquirer-3.4.0.tar.gz", hash = "sha256:8edc99c076386ee2d2204e5e3653c2488244e82cb197b2d498b3c1b5ffb25d0b"},
]

[package.dependencies]
blessed = ">=1.19.0"
editor = ">=1.6.0"
readchar = ">=4.2.0"

[[package]]
name = "jinja2"
version = "3.1.6"
description = "A very fast and expressive template engine."
optional = false
python-versions = ">=3.7"
groups = ["main"]
files = [
    {file = "jinja2-3.1.6-py3-none-any.whl", hash = "sha256:85ece4451f492d0c13c5dd7c13a64681a86afae63a5f347908daf103ce6d2f67"},
    {file = "jinja2-3.1.6.tar.gz", hash = "sha256:0137fb05990d35f1275a587e9aee6d56da821fc83491a0fb838183be43f66d6d"},
]

[package.dependencies]
MarkupSafe = ">=2.0"

[package.extras]
i18n = ["Babel (>=2.7)"]

[[package]]
name = "jinxed"
version = "1.3.0"
description = "Jinxed Terminal Library"
optional = false
python-versions = "*"
groups = ["main", "dev"]
markers = "platform_system == \"Windows\""
files = [
    {file = "jinxed-1.3.0-py2.py3-none-any.whl", hash = "sha256:b993189f39dc2d7504d802152671535b06d380b26d78070559551cbf92df4fc5"},
    {file = "jinxed-1.3.0.tar.gz", hash = "sha256:1593124b18a41b7a3da3b078471442e51dbad3d77b4d4f2b0c26ab6f7d660dbf"},
]

[package.dependencies]
ansicon = {version = "*", markers = "platform_system == \"Windows\""}

[[package]]
name = "markdown-it-py"
version = "3.0.0"
description = "Python port of markdown-it. Markdown parsing, done right!"
optional = false
python-versions = ">=3.8"
groups = ["main"]
files = [
    {file = "markdown-it-py-3.0.0.tar.gz", hash = "sha256:e3f60a94fa066dc52ec76661e37c851cb232d92f9886b15cb560aaada2df8feb"},
    {file = "markdown_it_py-3.0.0-py3-none-any.whl", hash = "sha256:355216845c60bd96232cd8d8c40e8f9765cc86f46880e43a8fd22dc1a1a8cab1"},
]

[package.dependencies]
mdurl = ">=0.1,<1.0"

[package.extras]
benchmarking = ["psutil", "pytest", "pytest-benchmark"]
code-style = ["pre-commit (>=3.0,<4.0)"]
compare = ["commonmark (>=0.9,<1.0)", "markdown (>=3.4,<4.0)", "mistletoe (>=1.0,<2.0)", "mistune (>=2.0,<3.0)", "panflute (>=2.3,<3.0)"]
linkify = ["linkify-it-py (>=1,<3)"]
plugins = ["mdit-py-plugins"]
profiling = ["gprof2dot"]
rtd = ["jupyter_sphinx", "mdit-py-plugins", "myst-parser", "pyyaml", "sphinx", "sphinx-copybutton", "sphinx-design", "sphinx_book_theme"]
testing = ["coverage", "pytest", "pytest-cov", "pytest-regressions"]

[[package]]
name = "markupsafe"
version = "3.0.2"
description = "Safely add untrusted strings to HTML/XML markup."
optional = false
python-versions = ">=3.9"
groups = ["main"]
files = [
    {file = "MarkupSafe-3.0.2-cp310-cp310-macosx_10_9_universal2.whl", hash = "sha256:7e94c425039cde14257288fd61dcfb01963e658efbc0ff54f5306b06054700f8"},
    {file = "MarkupSafe-3.0.2-cp310-cp310-macosx_11_0_arm64.whl", hash = "sha256:9e2d922824181480953426608b81967de705c3cef4d1af983af849d7bd619158"},
    {file = "MarkupSafe-3.0.2-cp310-cp310-manylinux_2_17_aarch64.manylinux2014_aarch64.whl", hash = "sha256:38a9ef736c01fccdd6600705b09dc574584b89bea478200c5fbf112a6b0d5579"},
    {file = "MarkupSafe-3.0.2-cp310-cp310-manylinux_2_17_x86_64.manylinux2014_x86_64.whl", hash = "sha256:bbcb445fa71794da8f178f0f6d66789a28d7319071af7a496d4d507ed566270d"},
    {file = "MarkupSafe-3.0.2-cp310-cp310-manylinux_2_5_i686.manylinux1_i686.manylinux_2_17_i686.manylinux2014_i686.whl", hash = "sha256:57cb5a3cf367aeb1d316576250f65edec5bb3be939e9247ae594b4bcbc317dfb"},
    {file = "MarkupSafe-3.0.2-cp310-cp310-musllinux_1_2_aarch64.whl", hash = "sha256:3809ede931876f5b2ec92eef964286840ed3540dadf803dd570c3b7e13141a3b"},
    {file = "MarkupSafe-3.0.2-cp310-cp310-musllinux_1_2_i686.whl", hash = "sha256:e07c3764494e3776c602c1e78e298937c3315ccc9043ead7e685b7f2b8d47b3c"},
    {file = "MarkupSafe-3.0.2-cp310-cp310-musllinux_1_2_x86_64.whl", hash = "sha256:b424c77b206d63d500bcb69fa55ed8d0e6a3774056bdc4839fc9298a7edca171"},
    {file = "MarkupSafe-3.0.2-cp310-cp310-win32.whl", hash = "sha256:fcabf5ff6eea076f859677f5f0b6b5c1a51e70a376b0579e0eadef8db48c6b50"},
    {file = "MarkupSafe-3.0.2-cp310-cp310-win_amd64.whl", hash = "sha256:6af100e168aa82a50e186c82875a5893c5597a0c1ccdb0d8b40240b1f28b969a"},
    {file = "MarkupSafe-3.0.2-cp311-cp311-macosx_10_9_universal2.whl", hash = "sha256:9025b4018f3a1314059769c7bf15441064b2207cb3f065e6ea1e7359cb46db9d"},
    {file = "MarkupSafe-3.0.2-cp311-cp311-macosx_11_0_arm64.whl", hash = "sha256:93335ca3812df2f366e80509ae119189886b0f3c2b81325d39efdb84a1e2ae93"},
    {file = "MarkupSafe-3.0.2-cp311-cp311-manylinux_2_17_aarch64.manylinux2014_aarch64.whl", hash = "sha256:2cb8438c3cbb25e220c2ab33bb226559e7afb3baec11c4f218ffa7308603c832"},
    {file = "MarkupSafe-3.0.2-cp311-cp311-manylinux_2_17_x86_64.manylinux2014_x86_64.whl", hash = "sha256:a123e330ef0853c6e822384873bef7507557d8e4a082961e1defa947aa59ba84"},
    {file = "MarkupSafe-3.0.2-cp311-cp311-manylinux_2_5_i686.manylinux1_i686.manylinux_2_17_i686.manylinux2014_i686.whl", hash = "sha256:1e084f686b92e5b83186b07e8a17fc09e38fff551f3602b249881fec658d3eca"},
    {file = "MarkupSafe-3.0.2-cp311-cp311-musllinux_1_2_aarch64.whl", hash = "sha256:d8213e09c917a951de9d09ecee036d5c7d36cb6cb7dbaece4c71a60d79fb9798"},
    {file = "MarkupSafe-3.0.2-cp311-cp311-musllinux_1_2_i686.whl", hash = "sha256:5b02fb34468b6aaa40dfc198d813a641e3a63b98c2b05a16b9f80b7ec314185e"},
    {file = "MarkupSafe-3.0.2-cp311-cp311-musllinux_1_2_x86_64.whl", hash = "sha256:0bff5e0ae4ef2e1ae4fdf2dfd5b76c75e5c2fa4132d05fc1b0dabcd20c7e28c4"},
    {file = "MarkupSafe-3.0.2-cp311-cp311-win32.whl", hash = "sha256:6c89876f41da747c8d3677a2b540fb32ef5715f97b66eeb0c6b66f5e3ef6f59d"},
    {file = "MarkupSafe-3.0.2-cp311-cp311-win_amd64.whl", hash = "sha256:70a87b411535ccad5ef2f1df5136506a10775d267e197e4cf531ced10537bd6b"},
    {file = "MarkupSafe-3.0.2-cp312-cp312-macosx_10_13_universal2.whl", hash = "sha256:9778bd8ab0a994ebf6f84c2b949e65736d5575320a17ae8984a77fab08db94cf"},
    {file = "MarkupSafe-3.0.2-cp312-cp312-macosx_11_0_arm64.whl", hash = "sha256:846ade7b71e3536c4e56b386c2a47adf5741d2d8b94ec9dc3e92e5e1ee1e2225"},
    {file = "MarkupSafe-3.0.2-cp312-cp312-manylinux_2_17_aarch64.manylinux2014_aarch64.whl", hash = "sha256:1c99d261bd2d5f6b59325c92c73df481e05e57f19837bdca8413b9eac4bd8028"},
    {file = "MarkupSafe-3.0.2-cp312-cp312-manylinux_2_17_x86_64.manylinux2014_x86_64.whl", hash = "sha256:e17c96c14e19278594aa4841ec148115f9c7615a47382ecb6b82bd8fea3ab0c8"},
    {file = "MarkupSafe-3.0.2-cp312-cp312-manylinux_2_5_i686.manylinux1_i686.manylinux_2_17_i686.manylinux2014_i686.whl", hash = "sha256:88416bd1e65dcea10bc7569faacb2c20ce071dd1f87539ca2ab364bf6231393c"},
    {file = "MarkupSafe-3.0.2-cp312-cp312-musllinux_1_2_aarch64.whl", hash = "sha256:2181e67807fc2fa785d0592dc2d6206c019b9502410671cc905d132a92866557"},
    {file = "MarkupSafe-3.0.2-cp312-cp312-musllinux_1_2_i686.whl", hash = "sha256:52305740fe773d09cffb16f8ed0427942901f00adedac82ec8b67752f58a1b22"},
    {file = "MarkupSafe-3.0.2-cp312-cp312-musllinux_1_2_x86_64.whl", hash = "sha256:ad10d3ded218f1039f11a75f8091880239651b52e9bb592ca27de44eed242a48"},
    {file = "MarkupSafe-3.0.2-cp312-cp312-win32.whl", hash = "sha256:0f4ca02bea9a23221c0182836703cbf8930c5e9454bacce27e767509fa286a30"},
    {file = "MarkupSafe-3.0.2-cp312-cp312-win_amd64.whl", hash = "sha256:8e06879fc22a25ca47312fbe7c8264eb0b662f6db27cb2d3bbbc74b1df4b9b87"},
    {file = "MarkupSafe-3.0.2-cp313-cp313-macosx_10_13_universal2.whl", hash = "sha256:ba9527cdd4c926ed0760bc301f6728ef34d841f405abf9d4f959c478421e4efd"},
    {file = "MarkupSafe-3.0.2-cp313-cp313-macosx_11_0_arm64.whl", hash = "sha256:f8b3d067f2e40fe93e1ccdd6b2e1d16c43140e76f02fb1319a05cf2b79d99430"},
    {file = "MarkupSafe-3.0.2-cp313-cp313-manylinux_2_17_aarch64.manylinux2014_aarch64.whl", hash = "sha256:569511d3b58c8791ab4c2e1285575265991e6d8f8700c7be0e88f86cb0672094"},
    {file = "MarkupSafe-3.0.2-cp313-cp313-manylinux_2_17_x86_64.manylinux2014_x86_64.whl", hash = "sha256:15ab75ef81add55874e7ab7055e9c397312385bd9ced94920f2802310c930396"},
    {file = "MarkupSafe-3.0.2-cp313-cp313-manylinux_2_5_i686.manylinux1_i686.manylinux_2_17_i686.manylinux2014_i686.whl", hash = "sha256:f3818cb119498c0678015754eba762e0d61e5b52d34c8b13d770f0719f7b1d79"},
    {file = "MarkupSafe-3.0.2-cp313-cp313-musllinux_1_2_aarch64.whl", hash = "sha256:cdb82a876c47801bb54a690c5ae105a46b392ac6099881cdfb9f6e95e4014c6a"},
    {file = "MarkupSafe-3.0.2-cp313-cp313-musllinux_1_2_i686.whl", hash = "sha256:cabc348d87e913db6ab4aa100f01b08f481097838bdddf7c7a84b7575b7309ca"},
    {file = "MarkupSafe-3.0.2-cp313-cp313-musllinux_1_2_x86_64.whl", hash = "sha256:444dcda765c8a838eaae23112db52f1efaf750daddb2d9ca300bcae1039adc5c"},
    {file = "MarkupSafe-3.0.2-cp313-cp313-win32.whl", hash = "sha256:bcf3e58998965654fdaff38e58584d8937aa3096ab5354d493c77d1fdd66d7a1"},
    {file = "MarkupSafe-3.0.2-cp313-cp313-win_amd64.whl", hash = "sha256:e6a2a455bd412959b57a172ce6328d2dd1f01cb2135efda2e4576e8a23fa3b0f"},
    {file = "MarkupSafe-3.0.2-cp313-cp313t-macosx_10_13_universal2.whl", hash = "sha256:b5a6b3ada725cea8a5e634536b1b01c30bcdcd7f9c6fff4151548d5bf6b3a36c"},
    {file = "MarkupSafe-3.0.2-cp313-cp313t-macosx_11_0_arm64.whl", hash = "sha256:a904af0a6162c73e3edcb969eeeb53a63ceeb5d8cf642fade7d39e7963a22ddb"},
    {file = "MarkupSafe-3.0.2-cp313-cp313t-manylinux_2_17_aarch64.manylinux2014_aarch64.whl", hash = "sha256:4aa4e5faecf353ed117801a068ebab7b7e09ffb6e1d5e412dc852e0da018126c"},
    {file = "MarkupSafe-3.0.2-cp313-cp313t-manylinux_2_17_x86_64.manylinux2014_x86_64.whl", hash = "sha256:c0ef13eaeee5b615fb07c9a7dadb38eac06a0608b41570d8ade51c56539e509d"},
    {file = "MarkupSafe-3.0.2-cp313-cp313t-manylinux_2_5_i686.manylinux1_i686.manylinux_2_17_i686.manylinux2014_i686.whl", hash = "sha256:d16a81a06776313e817c951135cf7340a3e91e8c1ff2fac444cfd75fffa04afe"},
    {file = "MarkupSafe-3.0.2-cp313-cp313t-musllinux_1_2_aarch64.whl", hash = "sha256:6381026f158fdb7c72a168278597a5e3a5222e83ea18f543112b2662a9b699c5"},
    {file = "MarkupSafe-3.0.2-cp313-cp313t-musllinux_1_2_i686.whl", hash = "sha256:3d79d162e7be8f996986c064d1c7c817f6df3a77fe3d6859f6f9e7be4b8c213a"},
    {file = "MarkupSafe-3.0.2-cp313-cp313t-musllinux_1_2_x86_64.whl", hash = "sha256:131a3c7689c85f5ad20f9f6fb1b866f402c445b220c19fe4308c0b147ccd2ad9"},
    {file = "MarkupSafe-3.0.2-cp313-cp313t-win32.whl", hash = "sha256:ba8062ed2cf21c07a9e295d5b8a2a5ce678b913b45fdf68c32d95d6c1291e0b6"},
    {file = "MarkupSafe-3.0.2-cp313-cp313t-win_amd64.whl", hash = "sha256:e444a31f8db13eb18ada366ab3cf45fd4b31e4db1236a4448f68778c1d1a5a2f"},
    {file = "MarkupSafe-3.0.2-cp39-cp39-macosx_10_9_universal2.whl", hash = "sha256:eaa0a10b7f72326f1372a713e73c3f739b524b3af41feb43e4921cb529f5929a"},
    {file = "MarkupSafe-3.0.2-cp39-cp39-macosx_11_0_arm64.whl", hash = "sha256:48032821bbdf20f5799ff537c7ac3d1fba0ba032cfc06194faffa8cda8b560ff"},
    {file = "MarkupSafe-3.0.2-cp39-cp39-manylinux_2_17_aarch64.manylinux2014_aarch64.whl", hash = "sha256:1a9d3f5f0901fdec14d8d2f66ef7d035f2157240a433441719ac9a3fba440b13"},
    {file = "MarkupSafe-3.0.2-cp39-cp39-manylinux_2_17_x86_64.manylinux2014_x86_64.whl", hash = "sha256:88b49a3b9ff31e19998750c38e030fc7bb937398b1f78cfa599aaef92d693144"},
    {file = "MarkupSafe-3.0.2-cp39-cp39-manylinux_2_5_i686.manylinux1_i686.manylinux_2_17_i686.manylinux2014_i686.whl", hash = "sha256:cfad01eed2c2e0c01fd0ecd2ef42c492f7f93902e39a42fc9ee1692961443a29"},
    {file = "MarkupSafe-3.0.2-cp39-cp39-musllinux_1_2_aarch64.whl", hash = "sha256:1225beacc926f536dc82e45f8a4d68502949dc67eea90eab715dea3a21c1b5f0"},
    {file = "MarkupSafe-3.0.2-cp39-cp39-musllinux_1_2_i686.whl", hash = "sha256:3169b1eefae027567d1ce6ee7cae382c57fe26e82775f460f0b2778beaad66c0"},
    {file = "MarkupSafe-3.0.2-cp39-cp39-musllinux_1_2_x86_64.whl", hash = "sha256:eb7972a85c54febfb25b5c4b4f3af4dcc731994c7da0d8a0b4a6eb0640e1d178"},
    {file = "MarkupSafe-3.0.2-cp39-cp39-win32.whl", hash = "sha256:8c4e8c3ce11e1f92f6536ff07154f9d49677ebaaafc32db9db4620bc11ed480f"},
    {file = "MarkupSafe-3.0.2-cp39-cp39-win_amd64.whl", hash = "sha256:6e296a513ca3d94054c2c881cc913116e90fd030ad1c656b3869762b754f5f8a"},
    {file = "markupsafe-3.0.2.tar.gz", hash = "sha256:ee55d3edf80167e48ea11a923c7386f4669df67d7994554387f84e7d8b0a2bf0"},
]

[[package]]
name = "mdurl"
version = "0.1.2"
description = "Markdown URL utilities"
optional = false
python-versions = ">=3.7"
groups = ["main"]
files = [
    {file = "mdurl-0.1.2-py3-none-any.whl", hash = "sha256:84008a41e51615a49fc9966191ff91509e3c40b939176e643fd50a5c2196b8f8"},
    {file = "mdurl-0.1.2.tar.gz", hash = "sha256:bb413d29f5eea38f31dd4754dd7377d4465116fb207585f97bf925588687c1ba"},
]

[[package]]
name = "pycparser"
version = "2.22"
description = "C parser in Python"
optional = false
python-versions = ">=3.8"
groups = ["main"]
files = [
    {file = "pycparser-2.22-py3-none-any.whl", hash = "sha256:c3702b6d3dd8c7abc1afa565d7e63d53a1d0bd86cdc24edd75470f4de499cfcc"},
    {file = "pycparser-2.22.tar.gz", hash = "sha256:491c8be9c040f5390f5bf44a5b07752bd07f56edf992381b05c701439eec10f6"},
]

[[package]]
name = "pygit2"
version = "1.18.0"
description = "Python bindings for libgit2."
optional = false
python-versions = ">=3.10"
groups = ["main"]
files = [
    {file = "pygit2-1.18.0-cp310-cp310-macosx_10_9_universal2.whl", hash = "sha256:2c5606a90c246a90490f30fc4192cf6077391cbef0e7417f690edf964663cf52"},
    {file = "pygit2-1.18.0-cp310-cp310-manylinux_2_28_aarch64.whl", hash = "sha256:7f9c8c8a659c5038d36b520b48a346291116506c0f2563e9e1a194680ce51969"},
    {file = "pygit2-1.18.0-cp310-cp310-manylinux_2_28_ppc64le.whl", hash = "sha256:3cd2304bb1e297b07330929bfbfeb983df75852177809a111cf38dbeec37cbb7"},
    {file = "pygit2-1.18.0-cp310-cp310-manylinux_2_28_x86_64.whl", hash = "sha256:3c156b368fc390f5c0a34b5e8d7709a5dd8a373dea9cab3648df749aad28f517"},
    {file = "pygit2-1.18.0-cp310-cp310-musllinux_1_2_x86_64.whl", hash = "sha256:55a5ed47475be125246a384d1125979dce5309cc03da6be6e8687c7de51cca6a"},
    {file = "pygit2-1.18.0-cp310-cp310-win32.whl", hash = "sha256:f148a9361607357c3679c1315a41dc7413e0ac6709d6f632af0b4a09ce556a31"},
    {file = "pygit2-1.18.0-cp310-cp310-win_amd64.whl", hash = "sha256:330f5fb6c167682574b59d865baee6e02c0f435ab9dc16bdc6e520c6da3f19f4"},
    {file = "pygit2-1.18.0-cp311-cp311-macosx_10_9_universal2.whl", hash = "sha256:004e52507715d1ed682b52f20b2ea1571cad5502f2ba0b546e257f4c00c94475"},
    {file = "pygit2-1.18.0-cp311-cp311-manylinux_2_28_aarch64.whl", hash = "sha256:502e75607ca269907ccb20582be8279f22d362f39e25a1dd710e75e934a9a095"},
    {file = "pygit2-1.18.0-cp311-cp311-manylinux_2_28_ppc64le.whl", hash = "sha256:3bbf11fa63e8eaf161b89bf6e6cc20cf06b337f779a04d79a4999751b9b15adf"},
    {file = "pygit2-1.18.0-cp311-cp311-manylinux_2_28_x86_64.whl", hash = "sha256:1d97b89ac0a8dddf86727594448bffc78235bcfaee8e5cfd6f410fc1557412b1"},
    {file = "pygit2-1.18.0-cp311-cp311-musllinux_1_2_x86_64.whl", hash = "sha256:cadfaad3e9856f453b90dd6bc7385d32b9e4393c82e58a3946014c7e95c71913"},
    {file = "pygit2-1.18.0-cp311-cp311-win32.whl", hash = "sha256:b0e203ec1641140f803e23e5aba61eec9c60cddddaeea4b16f3d29e9def34c9d"},
    {file = "pygit2-1.18.0-cp311-cp311-win_amd64.whl", hash = "sha256:c3493b128c0a90e120d82666a934c18e0a27e8485493825534832c14d07a8ed7"},
    {file = "pygit2-1.18.0-cp312-cp312-macosx_10_13_universal2.whl", hash = "sha256:bba669496d8ba10de8418ba39357a31ae9e2542aa4ecaa26c5c93ee65eee800a"},
    {file = "pygit2-1.18.0-cp312-cp312-manylinux_2_28_aarch64.whl", hash = "sha256:82a120b2ca7276ffcca971e7c4377235ba393f0a37eeda7fec50195d8381ea6b"},
    {file = "pygit2-1.18.0-cp312-cp312-manylinux_2_28_ppc64le.whl", hash = "sha256:8f9fd97dbf30f2e102f50887aec95ab361ebf9193d5e5ae1fda50eb4f4aa80fe"},
    {file = "pygit2-1.18.0-cp312-cp312-manylinux_2_28_x86_64.whl", hash = "sha256:d05f5b25758699ccd773723e85ded77c5ffed7f7756d200b0ba26e83b13c58e8"},
    {file = "pygit2-1.18.0-cp312-cp312-musllinux_1_2_x86_64.whl", hash = "sha256:a3f1a951ccfa9f7d55b3be315a8cce982f61a5df0a4874da3ea0988e1e2afad6"},
    {file = "pygit2-1.18.0-cp312-cp312-win32.whl", hash = "sha256:547cdec865827f593097d4fda25c46512ad2a933230c23c9c188e9f9e633849f"},
    {file = "pygit2-1.18.0-cp312-cp312-win_amd64.whl", hash = "sha256:b5ef2813f9856d0c8d24e2c414481d29296598fa3e02494174a2d7df16ac276a"},
    {file = "pygit2-1.18.0-cp313-cp313-macosx_10_13_universal2.whl", hash = "sha256:42d7d1bccba61d2c3c4539c7f84a8754d287d2fdd55c247e700b582320b9daff"},
    {file = "pygit2-1.18.0-cp313-cp313-manylinux_2_28_aarch64.whl", hash = "sha256:a8af8725a22f85bb580a500f60bd898e1cc6c58576db9400b63507a4ed4526e4"},
    {file = "pygit2-1.18.0-cp313-cp313-manylinux_2_28_ppc64le.whl", hash = "sha256:ec71b158f5a4262e01bbcbfb32b0c6f2cb7bce19df84e5a4fb33f54fccb95900"},
    {file = "pygit2-1.18.0-cp313-cp313-manylinux_2_28_x86_64.whl", hash = "sha256:202f6e3e5dadb40c4355b87051bd47e1c18b64bee1b55bd90287115d4cd0eef4"},
    {file = "pygit2-1.18.0-cp313-cp313-musllinux_1_2_x86_64.whl", hash = "sha256:0c59ca7545a6fe38a75ca333ba6b4c6eb32c489d6b2228cd7edab312b0fd7f6d"},
    {file = "pygit2-1.18.0-cp313-cp313-win32.whl", hash = "sha256:b92d94807f8c08bede11fa04fbced424b8073cc71603273f1a124b1748c3da40"},
    {file = "pygit2-1.18.0-cp313-cp313-win_amd64.whl", hash = "sha256:43285c57dcdad03114b88a1bc86a0ff7ee216185912c1a0d69aa20c78584fb44"},
    {file = "pygit2-1.18.0-pp310-pypy310_pp73-manylinux_2_28_aarch64.whl", hash = "sha256:081841b01cec4db40ccb0b1ad283aed308e5f663b24995af2b8118c83032539a"},
    {file = "pygit2-1.18.0-pp310-pypy310_pp73-manylinux_2_28_x86_64.whl", hash = "sha256:2acda38a46eb9fa3807ba7790d6f94871b14b43483377fb4db957b58f7ce4732"},
    {file = "pygit2-1.18.0-pp311-pypy311_pp73-manylinux_2_28_aarch64.whl", hash = "sha256:53c897a8f1093961df44cd91208a2b4c33727a1aaf6b5ca22261e75062f678ff"},
    {file = "pygit2-1.18.0-pp311-pypy311_pp73-manylinux_2_28_x86_64.whl", hash = "sha256:b07bdd779c892cf4b1212ae9199a64c4416be1a478765f5269c9ba3835540569"},
    {file = "pygit2-1.18.0.tar.gz", hash = "sha256:fbd01d04a4d2ce289aaa02cf858043679bf0dd1f9855c6b88ed95382c1f5011a"},
]

[package.dependencies]
cffi = ">=1.17.0"

[[package]]
name = "pygments"
version = "2.19.1"
description = "Pygments is a syntax highlighting package written in Python."
optional = false
python-versions = ">=3.8"
groups = ["main"]
files = [
    {file = "pygments-2.19.1-py3-none-any.whl", hash = "sha256:9ea1544ad55cecf4b8242fab6dd35a93bbce657034b0611ee383099054ab6d8c"},
    {file = "pygments-2.19.1.tar.gz", hash = "sha256:61c16d2a8576dc0649d9f39e089b5f02bcd27fba10d8fb4dcc28173f7a45151f"},
]

[package.extras]
windows-terminal = ["colorama (>=0.4.6)"]

[[package]]
name = "pygpgme"
version = "0.6"
description = "A Python module for working with OpenPGP messages"
optional = false
python-versions = ">=3.9"
groups = ["main"]
files = [
    {file = "pygpgme-0.6-cp310-cp310-manylinux_2_28_x86_64.whl", hash = "sha256:c6a10be33fde48782312c7fb5cb958a4d41c847aced62d4ed6a902a1580c4ce7"},
    {file = "pygpgme-0.6-cp310-cp310-musllinux_1_2_x86_64.whl", hash = "sha256:158930e92df8515c10c20506d81f413790056e99eb1740de6099235a4106e9d7"},
    {file = "pygpgme-0.6-cp311-cp311-manylinux_2_28_x86_64.whl", hash = "sha256:31cf3449c65d26b26f6ba436d24677653cb37c1679116a38460aeccd03f91ff2"},
    {file = "pygpgme-0.6-cp311-cp311-musllinux_1_2_x86_64.whl", hash = "sha256:65d0aae11196a07f857e5f29360b249385ffd6b3eeba2fad2c0a4322cb7ad813"},
    {file = "pygpgme-0.6-cp312-cp312-manylinux_2_28_x86_64.whl", hash = "sha256:be0fb8e8d7a81d2e97ebc057570612a0161f75ecca255e6d7abfb36364b356c8"},
    {file = "pygpgme-0.6-cp312-cp312-musllinux_1_2_x86_64.whl", hash = "sha256:2fba33b8f174c33c96859944f3090ac6e885bda9b9c3f6caae43ba286da4ff1b"},
    {file = "pygpgme-0.6-cp313-cp313-manylinux_2_28_x86_64.whl", hash = "sha256:b099c2f1ab25090f2326c43cbdf53050bcdd11effc6e6995907a9ba74ca619f5"},
    {file = "pygpgme-0.6-cp313-cp313-musllinux_1_2_x86_64.whl", hash = "sha256:1b00c62349202e833db7b9c13f04d096e490466474c27208f17e11f354b6d936"},
    {file = "pygpgme-0.6-cp39-cp39-manylinux_2_28_x86_64.whl", hash = "sha256:90de33e16d9c02f7d358e27f029c7254952a94e3cfe448ce13d958cad2eb0188"},
    {file = "pygpgme-0.6-cp39-cp39-musllinux_1_2_x86_64.whl", hash = "sha256:5c4afe917360feaeae5289f241bdb2446e6fa2847ce2058c11486d491683203c"},
    {file = "pygpgme-0.6-pp310-pypy310_pp73-manylinux_2_28_x86_64.whl", hash = "sha256:57593462d53da6957f4ffe62c509ebb3a0c12f9948f8c7ade049f244c7b85085"},
    {file = "pygpgme-0.6-pp39-pypy39_pp73-manylinux_2_28_x86_64.whl", hash = "sha256:9f9899faf18d2f0343e9d79f8e03fac50664ea78f39cc9ca9f836027a2dd46c9"},
    {file = "pygpgme-0.6.tar.gz", hash = "sha256:36b82819d32107869a73afb856734a6a3f32dcd28bd183b0f975ae03d8f0454c"},
]

[package.extras]
docs = ["Sphinx", "sphinx-rtd-theme"]

[[package]]
name = "pytomlpp"
version = "1.0.13"
description = "A python wrapper for toml++"
optional = false
python-versions = "*"
groups = ["main"]
files = [
    {file = "pytomlpp-1.0.13-cp310-cp310-macosx_10_9_universal2.whl", hash = "sha256:131644b5c32a0b32667875883251fa01a6a852e0386e5db8d0f70ddf44bebe3b"},
    {file = "pytomlpp-1.0.13-cp310-cp310-macosx_10_9_x86_64.whl", hash = "sha256:23d7ac98b01965e17c604bc86c77f751e4f91055c68397a724e7a05cd91c04fd"},
    {file = "pytomlpp-1.0.13-cp310-cp310-macosx_11_0_arm64.whl", hash = "sha256:98ae1451dcabb3449df8a097014b2d5cdaeb8961f16cced83462dfb704b61d12"},
    {file = "pytomlpp-1.0.13-cp310-cp310-manylinux_2_17_i686.manylinux2014_i686.whl", hash = "sha256:cc31231a57b45499c68b7c6c7c7d176874c1b4d3c236e3e4ecfc005642496815"},
    {file = "pytomlpp-1.0.13-cp310-cp310-manylinux_2_17_x86_64.manylinux2014_x86_64.whl", hash = "sha256:68d1743e03806e67a0b5daefb8f548609ffeec4ab94d91092440325c9e22bc77"},
    {file = "pytomlpp-1.0.13-cp310-cp310-musllinux_1_1_i686.whl", hash = "sha256:5b9a8b2179271abc54c0879cccc880b50918409765074c9ee25d45545f60b2a8"},
    {file = "pytomlpp-1.0.13-cp310-cp310-musllinux_1_1_x86_64.whl", hash = "sha256:4d325590d276104e4030c7907dd559148566347e840cb1c3874671ea09491789"},
    {file = "pytomlpp-1.0.13-cp310-cp310-win_amd64.whl", hash = "sha256:fab6e69a754d3be5d8580753feac56fa70d2f4f9388f1d7a30c719ceca2d3ff2"},
    {file = "pytomlpp-1.0.13-cp311-cp311-macosx_10_9_universal2.whl", hash = "sha256:47684714f9ed1a880e66b2e183789519a9ad7b55f2da9e30b65090a42342ef83"},
    {file = "pytomlpp-1.0.13-cp311-cp311-macosx_10_9_x86_64.whl", hash = "sha256:4d7c0e8a1e21249df4e60f07a728129f33899b7548ff391343b244e1222296b1"},
    {file = "pytomlpp-1.0.13-cp311-cp311-macosx_11_0_arm64.whl", hash = "sha256:aa016e89a76c3ed58ea7a1eb2cb795ee1b1aa2831bb47c724ae787cb03dcf790"},
    {file = "pytomlpp-1.0.13-cp311-cp311-manylinux_2_17_i686.manylinux2014_i686.whl", hash = "sha256:d4549130097ca8b7aada5f6e8440db3dbc36f0f3df24231b3521297a5e3cecf1"},
    {file = "pytomlpp-1.0.13-cp311-cp311-manylinux_2_17_x86_64.manylinux2014_x86_64.whl", hash = "sha256:7d2e7be5ddf349fbcfdd1cfcee630c4ad33031411a9dded93a96d186f2086038"},
    {file = "pytomlpp-1.0.13-cp311-cp311-musllinux_1_1_i686.whl", hash = "sha256:3398853a6ab98ccb5e722b9d2f1ac127ea2a82d267dcff8ff7dc98a472f70ad0"},
    {file = "pytomlpp-1.0.13-cp311-cp311-musllinux_1_1_x86_64.whl", hash = "sha256:b606dea8b05d2f5915a4d6f88e7772eb4772ed8a65c113b15bff5754982f48df"},
    {file = "pytomlpp-1.0.13-cp311-cp311-win_amd64.whl", hash = "sha256:1843cd3816e25453bfcac5468106f9f39e766bda198bd69d41e09184a6062497"},
    {file = "pytomlpp-1.0.13-cp36-cp36m-macosx_10_9_x86_64.whl", hash = "sha256:adfbfb981bcfe31cec4443b2410ae65cea6ec37b13396f7a0a66ffffd418a075"},
    {file = "pytomlpp-1.0.13-cp36-cp36m-manylinux_2_17_i686.manylinux2014_i686.whl", hash = "sha256:87256e701a6237a178739323394e5abfe3bf5fa5eb0188d8710839412556b56e"},
    {file = "pytomlpp-1.0.13-cp36-cp36m-manylinux_2_17_x86_64.manylinux2014_x86_64.whl", hash = "sha256:a2752caeb649c04dcdfe78dd43d63b9c03db01d41f4e97af133f214cf6ee5f09"},
    {file = "pytomlpp-1.0.13-cp36-cp36m-musllinux_1_1_i686.whl", hash = "sha256:988288644025dc20a997a5caa8d6d283ad94bdbc30415a965a12b82bc77026c1"},
    {file = "pytomlpp-1.0.13-cp36-cp36m-musllinux_1_1_x86_64.whl", hash = "sha256:807f8cfff2195b68fbefe8122561be6ced51009f5c95c422f781bae5d7d90fc4"},
    {file = "pytomlpp-1.0.13-cp36-cp36m-win_amd64.whl", hash = "sha256:7443a2dce8f48c0801c1f5b3ea78acbae30fb263480570f8b68b198620041afa"},
    {file = "pytomlpp-1.0.13-cp37-cp37m-macosx_10_9_x86_64.whl", hash = "sha256:c155e2b72844dd11ca0fdfc3bfb44bc41770ba34803b67621e41496f67b70453"},
    {file = "pytomlpp-1.0.13-cp37-cp37m-manylinux_2_17_i686.manylinux2014_i686.whl", hash = "sha256:ffae01816f10fa29e0cd30bd8709573de5ba1ec57dd5901ab6e2f8c7c199ed7a"},
    {file = "pytomlpp-1.0.13-cp37-cp37m-manylinux_2_17_x86_64.manylinux2014_x86_64.whl", hash = "sha256:e030b4440cc65937ae9701448615ba445ea2c1ff20fa630c149e368e06f9b082"},
    {file = "pytomlpp-1.0.13-cp37-cp37m-musllinux_1_1_i686.whl", hash = "sha256:2e2a94463207608d1cba0c36ea4f882e0b409e28590e2dbc48961dea59f170c0"},
    {file = "pytomlpp-1.0.13-cp37-cp37m-musllinux_1_1_x86_64.whl", hash = "sha256:70b43d955fb53ca9186dafc95fa24ea783870a226bf875b833c25dd5865ed526"},
    {file = "pytomlpp-1.0.13-cp37-cp37m-win_amd64.whl", hash = "sha256:7832307f4bc0518f78f0afc615cb8135400522be8676eff47ece5dfbca240115"},
    {file = "pytomlpp-1.0.13-cp38-cp38-macosx_10_9_universal2.whl", hash = "sha256:d50395394963529940703638b422b19d84c5a003a7eb0106ad7c7347ad6f20c0"},
    {file = "pytomlpp-1.0.13-cp38-cp38-macosx_10_9_x86_64.whl", hash = "sha256:73062c46d315e1f3cdf631fb8761e0981dda0df346723ca50355c4311167fbfa"},
    {file = "pytomlpp-1.0.13-cp38-cp38-macosx_11_0_arm64.whl", hash = "sha256:2fe54bcd5911b33410a7a7e9cad66d016b056b331cfdf9e5e9d8b404339b1003"},
    {file = "pytomlpp-1.0.13-cp38-cp38-manylinux_2_17_i686.manylinux2014_i686.whl", hash = "sha256:88facf9533603b8e2a502f4485641dcb3121d20ccff78f1167b38efc1c7eb9a4"},
    {file = "pytomlpp-1.0.13-cp38-cp38-manylinux_2_17_x86_64.manylinux2014_x86_64.whl", hash = "sha256:ce78fab1987ff48d42e4f4759d765dbf183824a56862f35f500ce0cfc974b5ef"},
    {file = "pytomlpp-1.0.13-cp38-cp38-musllinux_1_1_i686.whl", hash = "sha256:0cf58c70c6cf97d8f98f1931c168b5a2b4c894e5bfd46bd574f0ea0668e8d2b2"},
    {file = "pytomlpp-1.0.13-cp38-cp38-musllinux_1_1_x86_64.whl", hash = "sha256:b95933988d11d6b54beb1dbf5d13b7afb4f60c2d014dfaaa5c7df44393e23537"},
    {file = "pytomlpp-1.0.13-cp38-cp38-win_amd64.whl", hash = "sha256:a43b2be6182d56914e9cf8aea25cd756b6c7415395ed223b7fc270582a0a4fd2"},
    {file = "pytomlpp-1.0.13-cp39-cp39-macosx_10_9_universal2.whl", hash = "sha256:2fea0318339407d0a9a097d63e9c020cc1bdb0b2de90b5ba6cfb3eabfdbbdfd1"},
    {file = "pytomlpp-1.0.13-cp39-cp39-macosx_10_9_x86_64.whl", hash = "sha256:98510ef5b92f8f7c5e42280948301f542f0086c39bf879f140e111a987f521aa"},
    {file = "pytomlpp-1.0.13-cp39-cp39-macosx_11_0_arm64.whl", hash = "sha256:8287ded4f27d9f54d017e996480e95ebcf9b2fd8381d4bc755f39fc0b2f70629"},
    {file = "pytomlpp-1.0.13-cp39-cp39-manylinux_2_17_i686.manylinux2014_i686.whl", hash = "sha256:f931803e4f48df82ac86ddc075a16635d57018bbac779e0258c896544f5e8ec6"},
    {file = "pytomlpp-1.0.13-cp39-cp39-manylinux_2_17_x86_64.manylinux2014_x86_64.whl", hash = "sha256:20a1f6584814f7c9db63f1f590868788aff86201e2b49e89f76772346b79606a"},
    {file = "pytomlpp-1.0.13-cp39-cp39-musllinux_1_1_i686.whl", hash = "sha256:abbca560310f4bc1f0dea15e77042da03d2a9437ffc239fd949fdcb4302bd85b"},
    {file = "pytomlpp-1.0.13-cp39-cp39-musllinux_1_1_x86_64.whl", hash = "sha256:62150ce6f7a47a135ba4375a8075eb321d1064ea2295f59fd92d5d148b7093f0"},
    {file = "pytomlpp-1.0.13-cp39-cp39-win_amd64.whl", hash = "sha256:b5e89ea80cd25732a2789d67075b72d64133fdf13490aa058abfe9e4964880e4"},
    {file = "pytomlpp-1.0.13-pp37-pypy37_pp73-macosx_10_9_x86_64.whl", hash = "sha256:4710c72456c10a90e58084174312abef8f9652b0f91c240c008903c1bd99814d"},
    {file = "pytomlpp-1.0.13-pp37-pypy37_pp73-manylinux_2_17_i686.manylinux2014_i686.whl", hash = "sha256:b59acc12339a992404289ab7294f28ba06c7df3c2562e81d316a0e744ab4103b"},
    {file = "pytomlpp-1.0.13-pp37-pypy37_pp73-manylinux_2_17_x86_64.manylinux2014_x86_64.whl", hash = "sha256:252e31a5e013a74b898784f4ffb8aa8068e136b910ad11f2af1ee8a5700e6e1e"},
    {file = "pytomlpp-1.0.13-pp37-pypy37_pp73-win_amd64.whl", hash = "sha256:09e716c0f462d15f2334cecc736957777dd30f8a5bfa5cf8150679da7577d2fd"},
    {file = "pytomlpp-1.0.13-pp38-pypy38_pp73-macosx_10_9_x86_64.whl", hash = "sha256:19dbded2995370e802105fa6dce54ed60f79e58b4eb35fee7ef33f1fb5958f6c"},
    {file = "pytomlpp-1.0.13-pp38-pypy38_pp73-manylinux_2_17_i686.manylinux2014_i686.whl", hash = "sha256:9f87f6c958309e4c2358b778902c80bd33611d1c392f1abe2c226e3a62909ca4"},
    {file = "pytomlpp-1.0.13-pp38-pypy38_pp73-manylinux_2_17_x86_64.manylinux2014_x86_64.whl", hash = "sha256:e285aca948b419301fdda1927723287ef28482752782c44c9ee8c57eae7a1dc8"},
    {file = "pytomlpp-1.0.13-pp38-pypy38_pp73-win_amd64.whl", hash = "sha256:aad6ae19c056ea62a43fec82427ad4675b5c773dc255c4bdcf6da659cd7edff6"},
    {file = "pytomlpp-1.0.13-pp39-pypy39_pp73-macosx_10_9_x86_64.whl", hash = "sha256:0e0b34b7a132856567714342e9a622f7be0b4c9bac561a6252f0f85626c1aa4b"},
    {file = "pytomlpp-1.0.13-pp39-pypy39_pp73-manylinux_2_17_i686.manylinux2014_i686.whl", hash = "sha256:ac06ca7683f5a2737b3888ea1e38d6968abb24fab703bc7ceccbe589d5420e0c"},
    {file = "pytomlpp-1.0.13-pp39-pypy39_pp73-manylinux_2_17_x86_64.manylinux2014_x86_64.whl", hash = "sha256:35225c1d9d674df87b4682f04af97856049351c38822455b78258248d9309363"},
    {file = "pytomlpp-1.0.13-pp39-pypy39_pp73-win_amd64.whl", hash = "sha256:dbc9208ac58ea2a9d5ebb77e69d54d146744007f4a704a3f4e56d9881d41ee1c"},
    {file = "pytomlpp-1.0.13.tar.gz", hash = "sha256:a0bd639a8f624d1bdf5b3ea94363ca23dbfef38ab7b5b9348881a84afab434ad"},
]

[[package]]
name = "readchar"
version = "4.2.1"
description = "Library to easily read single chars and key strokes"
optional = false
python-versions = ">=3.8"
groups = ["main", "dev"]
files = [
    {file = "readchar-4.2.1-py3-none-any.whl", hash = "sha256:a769305cd3994bb5fa2764aa4073452dc105a4ec39068ffe6efd3c20c60acc77"},
    {file = "readchar-4.2.1.tar.gz", hash = "sha256:91ce3faf07688de14d800592951e5575e9c7a3213738ed01d394dcc949b79adb"},
]

[[package]]
name = "rich"
version = "14.0.0"
description = "Render rich text, tables, progress bars, syntax highlighting, markdown and more to the terminal"
optional = false
python-versions = ">=3.8.0"
groups = ["main"]
files = [
    {file = "rich-14.0.0-py3-none-any.whl", hash = "sha256:1c9491e1951aac09caffd42f448ee3d04e58923ffe14993f6e83068dc395d7e0"},
    {file = "rich-14.0.0.tar.gz", hash = "sha256:82f1bc23a6a21ebca4ae0c45af9bdbc492ed20231dcb63f297d6d1021a9d5725"},
]

[package.dependencies]
markdown-it-py = ">=2.2.0"
pygments = ">=2.13.0,<3.0.0"

[package.extras]
jupyter = ["ipywidgets (>=7.5.1,<9)"]

[[package]]
name = "runs"
version = "1.2.2"
description = "🏃 Run a block of text as a subprocess 🏃"
optional = false
python-versions = ">=3.8"
groups = ["main", "dev"]
files = [
    {file = "runs-1.2.2-py3-none-any.whl", hash = "sha256:0980dcbc25aba1505f307ac4f0e9e92cbd0be2a15a1e983ee86c24c87b839dfd"},
    {file = "runs-1.2.2.tar.gz", hash = "sha256:9dc1815e2895cfb3a48317b173b9f1eac9ba5549b36a847b5cc60c3bf82ecef1"},
]

[package.dependencies]
xmod = "*"

[[package]]
name = "shellingham"
version = "1.5.4"
description = "Tool to Detect Surrounding Shell"
optional = false
python-versions = ">=3.7"
groups = ["main"]
files = [
    {file = "shellingham-1.5.4-py2.py3-none-any.whl", hash = "sha256:7ecfff8f2fd72616f7481040475a65b2bf8af90a56c89140852d1120324e8686"},
    {file = "shellingham-1.5.4.tar.gz", hash = "sha256:8dbca0739d487e5bd35ab3ca4b36e11c4078f3a234bfce294b0a0291363404de"},
]

[[package]]
name = "typer"
version = "0.15.3"
description = "Typer, build great CLIs. Easy to code. Based on Python type hints."
optional = false
python-versions = ">=3.7"
groups = ["main"]
files = [
    {file = "typer-0.15.3-py3-none-any.whl", hash = "sha256:c86a65ad77ca531f03de08d1b9cb67cd09ad02ddddf4b34745b5008f43b239bd"},
    {file = "typer-0.15.3.tar.gz", hash = "sha256:818873625d0569653438316567861899f7e9972f2e6e0c16dab608345ced713c"},
]

[package.dependencies]
click = ">=8.0.0"
rich = ">=10.11.0"
shellingham = ">=1.3.0"
typing-extensions = ">=3.7.4.3"

[[package]]
name = "typing-extensions"
version = "4.13.2"
description = "Backported and Experimental Type Hints for Python 3.8+"
optional = false
python-versions = ">=3.8"
groups = ["main"]
files = [
    {file = "typing_extensions-4.13.2-py3-none-any.whl", hash = "sha256:a439e7c04b49fec3e5d3e2beaa21755cadbbdc391694e28ccdd36ca4a1408f8c"},
    {file = "typing_extensions-4.13.2.tar.gz", hash = "sha256:e6c81219bd689f51865d9e372991c540bda33a0379d5573cddb9a3a23f7caaef"},
]

[[package]]
name = "wcwidth"
version = "0.2.13"
description = "Measures the displayed width of unicode strings in a terminal"
optional = false
python-versions = "*"
groups = ["main", "dev"]
files = [
    {file = "wcwidth-0.2.13-py2.py3-none-any.whl", hash = "sha256:3da69048e4540d84af32131829ff948f1e022c1c6bdb8d6102117aac784f6859"},
    {file = "wcwidth-0.2.13.tar.gz", hash = "sha256:72ea0c06399eb286d978fdedb6923a9eb47e1c486ce63e9b4e64fc18303972b5"},
]

[[package]]
name = "xmod"
version = "1.8.1"
description = "🌱 Turn any object into a module 🌱"
optional = false
python-versions = ">=3.8"
groups = ["main", "dev"]
files = [
    {file = "xmod-1.8.1-py3-none-any.whl", hash = "sha256:a24e9458a4853489042522bdca9e50ee2eac5ab75c809a91150a8a7f40670d48"},
    {file = "xmod-1.8.1.tar.gz", hash = "sha256:38c76486b9d672c546d57d8035df0beb7f4a9b088bc3fb2de5431ae821444377"},
]

[metadata]
lock-version = "2.1"
python-versions = ">=3.13"
content-hash = "f3d8ef304390bbcf8678590d93cbe0b7edcf49c8b004de3235ab2065d32157ef"
